
Microsoft Visual Studio Solution File, Format Version 12.00
# Visual Studio Version 16
VisualStudioVersion = 16.0.29319.158
MinimumVisualStudioVersion = 10.0.40219.1
Project("{FAE04EC0-301F-11D3-BF4B-00C04F79EFBC}") = "NorthrichMadlibs", "NorthrichMadlibs\NorthrichMadlibs.csproj", "{6CF02C73-2116-432F-9E3C-DC4AB101F96C}"
EndProject
Project("{FAE04EC0-301F-11D3-BF4B-00C04F79EFBC}") = "Website", "Website\Website.csproj", "{CA6B0927-0945-4341-AB72-60E5F960D124}"
EndProject
Project("{FAE04EC0-301F-11D3-BF4B-00C04F79EFBC}") = "Models", "Models\Models.csproj", "{34AD83DB-FAB8-499A-8144-C1932FA65D5D}"
EndProject
Global
	GlobalSection(SolutionConfigurationPlatforms) = preSolution
		Debug|Any CPU = Debug|Any CPU
		Release|Any CPU = Release|Any CPU
	EndGlobalSection
	GlobalSection(ProjectConfigurationPlatforms) = postSolution
		{6CF02C73-2116-432F-9E3C-DC4AB101F96C}.Debug|Any CPU.ActiveCfg = Debug|Any CPU
		{6CF02C73-2116-432F-9E3C-DC4AB101F96C}.Debug|Any CPU.Build.0 = Debug|Any CPU
		{6CF02C73-2116-432F-9E3C-DC4AB101F96C}.Release|Any CPU.ActiveCfg = Release|Any CPU
		{6CF02C73-2116-432F-9E3C-DC4AB101F96C}.Release|Any CPU.Build.0 = Release|Any CPU
		{CA6B0927-0945-4341-AB72-60E5F960D124}.Debug|Any CPU.ActiveCfg = Debug|Any CPU
		{CA6B0927-0945-4341-AB72-60E5F960D124}.Debug|Any CPU.Build.0 = Debug|Any CPU
		{CA6B0927-0945-4341-AB72-60E5F960D124}.Release|Any CPU.ActiveCfg = Release|Any CPU
		{CA6B0927-0945-4341-AB72-60E5F960D124}.Release|Any CPU.Build.0 = Release|Any CPU
		{34AD83DB-FAB8-499A-8144-C1932FA65D5D}.Debug|Any CPU.ActiveCfg = Debug|Any CPU
		{34AD83DB-FAB8-499A-8144-C1932FA65D5D}.Debug|Any CPU.Build.0 = Debug|Any CPU
		{34AD83DB-FAB8-499A-8144-C1932FA65D5D}.Release|Any CPU.ActiveCfg = Release|Any CPU
		{34AD83DB-FAB8-499A-8144-C1932FA65D5D}.Release|Any CPU.Build.0 = Release|Any CPU
	EndGlobalSection
	GlobalSection(SolutionProperties) = preSolution
		HideSolutionNode = FALSE
	EndGlobalSection
	GlobalSection(ExtensibilityGlobals) = postSolution
		SolutionGuid = {F71DBC67-5591-4728-8ECE-28F22BF77E1C}
	EndGlobalSection
EndGlobal
